
Microsoft Visual Studio Solution File, Format Version 12.00
# Visual Studio Version 17
VisualStudioVersion = 17.0.31903.59
MinimumVisualStudioVersion = 10.0.40219.1
Project("{FAE04EC0-301F-11D3-BF4B-00C04F79EFBC}") = "shellcode-runner-simple", "shellcode-runner-simple.csproj", "{850014C1-539C-45DF-96B9-F61A22C9EA4F}"
EndProject
Global
	GlobalSection(SolutionConfigurationPlatforms) = preSolution
		Debug|Any CPU = Debug|Any CPU
		Debug|x64 = Debug|x64
		Release|Any CPU = Release|Any CPU
		Release|x64 = Release|x64
	EndGlobalSection
	GlobalSection(ProjectConfigurationPlatforms) = postSolution
		{850014C1-539C-45DF-96B9-F61A22C9EA4F}.Debug|Any CPU.ActiveCfg = Debug|Any CPU
		{850014C1-539C-45DF-96B9-F61A22C9EA4F}.Debug|Any CPU.Build.0 = Debug|Any CPU
		{850014C1-539C-45DF-96B9-F61A22C9EA4F}.Debug|x64.ActiveCfg = Debug|x64
		{850014C1-539C-45DF-96B9-F61A22C9EA4F}.Debug|x64.Build.0 = Debug|x64
		{850014C1-539C-45DF-96B9-F61A22C9EA4F}.Release|Any CPU.ActiveCfg = Release|Any CPU
		{850014C1-539C-45DF-96B9-F61A22C9EA4F}.Release|Any CPU.Build.0 = Release|Any CPU
		{850014C1-539C-45DF-96B9-F61A22C9EA4F}.Release|x64.ActiveCfg = Release|x64
		{850014C1-539C-45DF-96B9-F61A22C9EA4F}.Release|x64.Build.0 = Release|x64
	EndGlobalSection
	GlobalSection(SolutionProperties) = preSolution
		HideSolutionNode = FALSE
	EndGlobalSection
	GlobalSection(ExtensibilityGlobals) = postSolution
		SolutionGuid = {7FB6DF23-C5B9-448A-AE64-9241C39E96C7}
	EndGlobalSection
EndGlobal
